
Microsoft Visual Studio Solution File, Format Version 12.00
# Visual Studio 15
VisualStudioVersion = 15.0.27703.2000
MinimumVisualStudioVersion = 10.0.40219.1
Project("{FAE04EC0-301F-11D3-BF4B-00C04F79EFBC}") = "NIPS", "NIPS\NIPS.csproj", "{6F95CB4A-CE89-422F-9CE2-5FB2B85CEA45}"
EndProject
Global
	GlobalSection(SolutionConfigurationPlatforms) = preSolution
		Debug|Any CPU = Debug|Any CPU
		Release|Any CPU = Release|Any CPU
	EndGlobalSection
	GlobalSection(ProjectConfigurationPlatforms) = postSolution
		{6F95CB4A-CE89-422F-9CE2-5FB2B85CEA45}.Debug|Any CPU.ActiveCfg = Debug|Any CPU
		{6F95CB4A-CE89-422F-9CE2-5FB2B85CEA45}.Debug|Any CPU.Build.0 = Debug|Any CPU
		{6F95CB4A-CE89-422F-9CE2-5FB2B85CEA45}.Release|Any CPU.ActiveCfg = Release|Any CPU
		{6F95CB4A-CE89-422F-9CE2-5FB2B85CEA45}.Release|Any CPU.Build.0 = Release|Any CPU
	EndGlobalSection
	GlobalSection(SolutionProperties) = preSolution
		HideSolutionNode = FALSE
	EndGlobalSection
	GlobalSection(ExtensibilityGlobals) = postSolution
		SolutionGuid = {42B24DBA-A4A2-494E-A01D-816AA1A9A4E5}
	EndGlobalSection
EndGlobal
